# This file is autogenerated, do not edit; changes may be undone by the next 'dep ensure'.


[[projects]]
  branch = "master"
  name = "github.com/chromedp/cdproto"
  packages = [".","accessibility","animation","applicationcache","audits","backgroundservice","browser","cachestorage","cast","cdp","css","database","debugger","deviceorientation","dom","domdebugger","domsnapshot","domstorage","emulation","fetch","headlessexperimental","heapprofiler","indexeddb","input","inspector","io","layertree","log","memory","network","overlay","page","performance","profiler","runtime","security","serviceworker","storage","systeminfo","target","tethering","tracing","webaudio"]
  revision = "764a6f24cacb016c4ee990516bda169075b8c3d5"

[[projects]]
  name = "github.com/chromedp/chromedp"
  packages = [".","kb"]
  revision = "04906f5102799b2f505f7511a093618b69fc5956"
  version = "v0.3.0"

[[projects]]
  branch = "master"
  name = "github.com/gobwas/httphead"
  packages = ["."]
  revision = "2c6c146eadee0b69f856f87e3e9f1d0cd6aad2f5"

[[projects]]
  name = "github.com/gobwas/pool"
  packages = [".","internal/pmath","pbufio","pbytes"]
  revision = "fa3125c39d7eca32e1387bb69b1b38dcb31b1e0b"
  version = "v0.2.0"

[[projects]]
  name = "github.com/gobwas/ws"
  packages = [".","wsutil"]
  revision = "469ccd6afe52b489eee1e662098562dd7d77a4f8"
  version = "v1.0.0"

[[projects]]
  branch = "master"
  name = "github.com/knq/sysutil"
  packages = ["."]
  revision = "f05b59f0f3075ba1bc5701ef0df4393a05ebd0e7"

[[projects]]
  branch = "master"
  name = "github.com/mailru/easyjson"
  packages = [".","buffer","jlexer","jwriter"]
  revision = "1ea4449da9834f4d333f1cc461c374aea217d249"

[[projects]]
  branch = "master"
  name = "golang.org/x/sys"
  packages = ["unix"]
  revision = "61b9204099cb1bebc803c9ffb9b2d3acd9d457d9"

[solve-meta]
  analyzer-name = "dep"
  analyzer-version = 1
  inputs-digest = "f6d940774fca8604b9378a3185d28a7790a63b4a18b5c2f92b27474d7aeaa76e"
  solver-name = "gps-cdcl"
  solver-version = 1
